
Microsoft Visual Studio Solution File, Format Version 12.00
# Visual Studio 14
VisualStudioVersion = 14.0.24720.0
MinimumVisualStudioVersion = 10.0.40219.1
Project("{FAE04EC0-301F-11D3-BF4B-00C04F79EFBC}") = "CalendarsTester.Droid", "CalendarsTester\CalendarsTester.Droid\CalendarsTester.Droid.csproj", "{15F14B3C-BE59-456B-89B8-8667DE6C5605}"
EndProject
Project("{FAE04EC0-301F-11D3-BF4B-00C04F79EFBC}") = "CalendarsTester.iOS", "CalendarsTester\CalendarsTester.iOS\CalendarsTester.iOS.csproj", "{C1DA7568-B32D-4C34-85BD-E86753E1CEDB}"
EndProject
Project("{FAE04EC0-301F-11D3-BF4B-00C04F79EFBC}") = "CalendarsTester.WinPhone", "CalendarsTester\CalendarsTester.WinPhone\CalendarsTester.WinPhone.csproj", "{547DB0AE-3BCF-401C-8EA1-2D6E10E48881}"
EndProject
Project("{FAE04EC0-301F-11D3-BF4B-00C04F79EFBC}") = "CalendarsTester.UWP", "CalendarsTester\CalendarsTester.UWP\CalendarsTester.UWP.csproj", "{A10598F6-4FFE-41F8-9E78-E1A480AE201A}"
EndProject
Project("{FAE04EC0-301F-11D3-BF4B-00C04F79EFBC}") = "CalendarsTester", "CalendarsTester\CalendarsTester\CalendarsTester.csproj", "{CA8A6478-1D13-4FE7-A3EB-9C4C7231ED8C}"
EndProject
Project("{FAE04EC0-301F-11D3-BF4B-00C04F79EFBC}") = "CalendarsTester.Core", "CalendarsTester\CalendarsTester.Core\CalendarsTester.Core.csproj", "{5440919E-DA6A-4524-964C-E2306D122818}"
EndProject
Global
	GlobalSection(SolutionConfigurationPlatforms) = preSolution
		Ad-Hoc|Any CPU = Ad-Hoc|Any CPU
		Ad-Hoc|ARM = Ad-Hoc|ARM
		Ad-Hoc|iPhone = Ad-Hoc|iPhone
		Ad-Hoc|iPhoneSimulator = Ad-Hoc|iPhoneSimulator
		Ad-Hoc|x64 = Ad-Hoc|x64
		Ad-Hoc|x86 = Ad-Hoc|x86
		AppStore|Any CPU = AppStore|Any CPU
		AppStore|ARM = AppStore|ARM
		AppStore|iPhone = AppStore|iPhone
		AppStore|iPhoneSimulator = AppStore|iPhoneSimulator
		AppStore|x64 = AppStore|x64
		AppStore|x86 = AppStore|x86
		Debug|Any CPU = Debug|Any CPU
		Debug|ARM = Debug|ARM
		Debug|iPhone = Debug|iPhone
		Debug|iPhoneSimulator = Debug|iPhoneSimulator
		Debug|x64 = Debug|x64
		Debug|x86 = Debug|x86
		Release|Any CPU = Release|Any CPU
		Release|ARM = Release|ARM
		Release|iPhone = Release|iPhone
		Release|iPhoneSimulator = Release|iPhoneSimulator
		Release|x64 = Release|x64
		Release|x86 = Release|x86
	EndGlobalSection
	GlobalSection(ProjectConfigurationPlatforms) = postSolution
		{15F14B3C-BE59-456B-89B8-8667DE6C5605}.Ad-Hoc|Any CPU.ActiveCfg = Release|Any CPU
		{15F14B3C-BE59-456B-89B8-8667DE6C5605}.Ad-Hoc|Any CPU.Build.0 = Release|Any CPU
		{15F14B3C-BE59-456B-89B8-8667DE6C5605}.Ad-Hoc|Any CPU.Deploy.0 = Release|Any CPU
		{15F14B3C-BE59-456B-89B8-8667DE6C5605}.Ad-Hoc|ARM.ActiveCfg = Release|Any CPU
		{15F14B3C-BE59-456B-89B8-8667DE6C5605}.Ad-Hoc|ARM.Build.0 = Release|Any CPU
		{15F14B3C-BE59-456B-89B8-8667DE6C5605}.Ad-Hoc|ARM.Deploy.0 = Release|Any CPU
		{15F14B3C-BE59-456B-89B8-8667DE6C5605}.Ad-Hoc|iPhone.ActiveCfg = Release|Any CPU
		{15F14B3C-BE59-456B-89B8-8667DE6C5605}.Ad-Hoc|iPhone.Build.0 = Release|Any CPU
		{15F14B3C-BE59-456B-89B8-8667DE6C5605}.Ad-Hoc|iPhone.Deploy.0 = Release|Any CPU
		{15F14B3C-BE59-456B-89B8-8667DE6C5605}.Ad-Hoc|iPhoneSimulator.ActiveCfg = Release|Any CPU
		{15F14B3C-BE59-456B-89B8-8667DE6C5605}.Ad-Hoc|iPhoneSimulator.Build.0 = Release|Any CPU
		{15F14B3C-BE59-456B-89B8-8667DE6C5605}.Ad-Hoc|iPhoneSimulator.Deploy.0 = Release|Any CPU
		{15F14B3C-BE59-456B-89B8-8667DE6C5605}.Ad-Hoc|x64.ActiveCfg = Release|Any CPU
		{15F14B3C-BE59-456B-89B8-8667DE6C5605}.Ad-Hoc|x64.Build.0 = Release|Any CPU
		{15F14B3C-BE59-456B-89B8-8667DE6C5605}.Ad-Hoc|x64.Deploy.0 = Release|Any CPU
		{15F14B3C-BE59-456B-89B8-8667DE6C5605}.Ad-Hoc|x86.ActiveCfg = Release|Any CPU
		{15F14B3C-BE59-456B-89B8-8667DE6C5605}.Ad-Hoc|x86.Build.0 = Release|Any CPU
		{15F14B3C-BE59-456B-89B8-8667DE6C5605}.Ad-Hoc|x86.Deploy.0 = Release|Any CPU
		{15F14B3C-BE59-456B-89B8-8667DE6C5605}.AppStore|Any CPU.ActiveCfg = Release|Any CPU
		{15F14B3C-BE59-456B-89B8-8667DE6C5605}.AppStore|Any CPU.Build.0 = Release|Any CPU
		{15F14B3C-BE59-456B-89B8-8667DE6C5605}.AppStore|Any CPU.Deploy.0 = Release|Any CPU
		{15F14B3C-BE59-456B-89B8-8667DE6C5605}.AppStore|ARM.ActiveCfg = Release|Any CPU
		{15F14B3C-BE59-456B-89B8-8667DE6C5605}.AppStore|ARM.Build.0 = Release|Any CPU
		{15F14B3C-BE59-456B-89B8-8667DE6C5605}.AppStore|ARM.Deploy.0 = Release|Any CPU
		{15F14B3C-BE59-456B-89B8-8667DE6C5605}.AppStore|iPhone.ActiveCfg = Release|Any CPU
		{15F14B3C-BE59-456B-89B8-8667DE6C5605}.AppStore|iPhone.Build.0 = Release|Any CPU
		{15F14B3C-BE59-456B-89B8-8667DE6C5605}.AppStore|iPhone.Deploy.0 = Release|Any CPU
		{15F14B3C-BE59-456B-89B8-8667DE6C5605}.AppStore|iPhoneSimulator.ActiveCfg = Release|Any CPU
		{15F14B3C-BE59-456B-89B8-8667DE6C5605}.AppStore|iPhoneSimulator.Build.0 = Release|Any CPU
		{15F14B3C-BE59-456B-89B8-8667DE6C5605}.AppStore|iPhoneSimulator.Deploy.0 = Release|Any CPU
		{15F14B3C-BE59-456B-89B8-8667DE6C5605}.AppStore|x64.ActiveCfg = Release|Any CPU
		{15F14B3C-BE59-456B-89B8-8667DE6C5605}.AppStore|x64.Build.0 = Release|Any CPU
		{15F14B3C-BE59-456B-89B8-8667DE6C5605}.AppStore|x64.Deploy.0 = Release|Any CPU
		{15F14B3C-BE59-456B-89B8-8667DE6C5605}.AppStore|x86.ActiveCfg = Release|Any CPU
		{15F14B3C-BE59-456B-89B8-8667DE6C5605}.AppStore|x86.Build.0 = Release|Any CPU
		{15F14B3C-BE59-456B-89B8-8667DE6C5605}.AppStore|x86.Deploy.0 = Release|Any CPU
		{15F14B3C-BE59-456B-89B8-8667DE6C5605}.Debug|Any CPU.ActiveCfg = Debug|Any CPU
		{15F14B3C-BE59-456B-89B8-8667DE6C5605}.Debug|Any CPU.Build.0 = Debug|Any CPU
		{15F14B3C-BE59-456B-89B8-8667DE6C5605}.Debug|Any CPU.Deploy.0 = Debug|Any CPU
		{15F14B3C-BE59-456B-89B8-8667DE6C5605}.Debug|ARM.ActiveCfg = Debug|Any CPU
		{15F14B3C-BE59-456B-89B8-8667DE6C5605}.Debug|ARM.Build.0 = Debug|Any CPU
		{15F14B3C-BE59-456B-89B8-8667DE6C5605}.Debug|ARM.Deploy.0 = Debug|Any CPU
		{15F14B3C-BE59-456B-89B8-8667DE6C5605}.Debug|iPhone.ActiveCfg = Debug|Any CPU
		{15F14B3C-BE59-456B-89B8-8667DE6C5605}.Debug|iPhone.Build.0 = Debug|Any CPU
		{15F14B3C-BE59-456B-89B8-8667DE6C5605}.Debug|iPhone.Deploy.0 = Debug|Any CPU
		{15F14B3C-BE59-456B-89B8-8667DE6C5605}.Debug|iPhoneSimulator.ActiveCfg = Debug|Any CPU
		{15F14B3C-BE59-456B-89B8-8667DE6C5605}.Debug|iPhoneSimulator.Build.0 = Debug|Any CPU
		{15F14B3C-BE59-456B-89B8-8667DE6C5605}.Debug|iPhoneSimulator.Deploy.0 = Debug|Any CPU
		{15F14B3C-BE59-456B-89B8-8667DE6C5605}.Debug|x64.ActiveCfg = Debug|Any CPU
		{15F14B3C-BE59-456B-89B8-8667DE6C5605}.Debug|x64.Build.0 = Debug|Any CPU
		{15F14B3C-BE59-456B-89B8-8667DE6C5605}.Debug|x64.Deploy.0 = Debug|Any CPU
		{15F14B3C-BE59-456B-89B8-8667DE6C5605}.Debug|x86.ActiveCfg = Debug|Any CPU
		{15F14B3C-BE59-456B-89B8-8667DE6C5605}.Debug|x86.Build.0 = Debug|Any CPU
		{15F14B3C-BE59-456B-89B8-8667DE6C5605}.Debug|x86.Deploy.0 = Debug|Any CPU
		{15F14B3C-BE59-456B-89B8-8667DE6C5605}.Release|Any CPU.ActiveCfg = Release|Any CPU
		{15F14B3C-BE59-456B-89B8-8667DE6C5605}.Release|Any CPU.Build.0 = Release|Any CPU
		{15F14B3C-BE59-456B-89B8-8667DE6C5605}.Release|Any CPU.Deploy.0 = Release|Any CPU
		{15F14B3C-BE59-456B-89B8-8667DE6C5605}.Release|ARM.ActiveCfg = Release|Any CPU
		{15F14B3C-BE59-456B-89B8-8667DE6C5605}.Release|ARM.Build.0 = Release|Any CPU
		{15F14B3C-BE59-456B-89B8-8667DE6C5605}.Release|ARM.Deploy.0 = Release|Any CPU
		{15F14B3C-BE59-456B-89B8-8667DE6C5605}.Release|iPhone.ActiveCfg = Release|Any CPU
		{15F14B3C-BE59-456B-89B8-8667DE6C5605}.Release|iPhone.Build.0 = Release|Any CPU
		{15F14B3C-BE59-456B-89B8-8667DE6C5605}.Release|iPhone.Deploy.0 = Release|Any CPU
		{15F14B3C-BE59-456B-89B8-8667DE6C5605}.Release|iPhoneSimulator.ActiveCfg = Release|Any CPU
		{15F14B3C-BE59-456B-89B8-8667DE6C5605}.Release|iPhoneSimulator.Build.0 = Release|Any CPU
		{15F14B3C-BE59-456B-89B8-8667DE6C5605}.Release|iPhoneSimulator.Deploy.0 = Release|Any CPU
		{15F14B3C-BE59-456B-89B8-8667DE6C5605}.Release|x64.ActiveCfg = Release|Any CPU
		{15F14B3C-BE59-456B-89B8-8667DE6C5605}.Release|x64.Build.0 = Release|Any CPU
		{15F14B3C-BE59-456B-89B8-8667DE6C5605}.Release|x64.Deploy.0 = Release|Any CPU
		{15F14B3C-BE59-456B-89B8-8667DE6C5605}.Release|x86.ActiveCfg = Release|Any CPU
		{15F14B3C-BE59-456B-89B8-8667DE6C5605}.Release|x86.Build.0 = Release|Any CPU
		{15F14B3C-BE59-456B-89B8-8667DE6C5605}.Release|x86.Deploy.0 = Release|Any CPU
		{C1DA7568-B32D-4C34-85BD-E86753E1CEDB}.Ad-Hoc|Any CPU.ActiveCfg = Ad-Hoc|iPhone
		{C1DA7568-B32D-4C34-85BD-E86753E1CEDB}.Ad-Hoc|ARM.ActiveCfg = Ad-Hoc|iPhone
		{C1DA7568-B32D-4C34-85BD-E86753E1CEDB}.Ad-Hoc|iPhone.ActiveCfg = Ad-Hoc|iPhone
		{C1DA7568-B32D-4C34-85BD-E86753E1CEDB}.Ad-Hoc|iPhone.Build.0 = Ad-Hoc|iPhone
		{C1DA7568-B32D-4C34-85BD-E86753E1CEDB}.Ad-Hoc|iPhoneSimulator.ActiveCfg = Ad-Hoc|iPhoneSimulator
		{C1DA7568-B32D-4C34-85BD-E86753E1CEDB}.Ad-Hoc|iPhoneSimulator.Build.0 = Ad-Hoc|iPhoneSimulator
		{C1DA7568-B32D-4C34-85BD-E86753E1CEDB}.Ad-Hoc|x64.ActiveCfg = Ad-Hoc|iPhone
		{C1DA7568-B32D-4C34-85BD-E86753E1CEDB}.Ad-Hoc|x86.ActiveCfg = Ad-Hoc|iPhone
		{C1DA7568-B32D-4C34-85BD-E86753E1CEDB}.AppStore|Any CPU.ActiveCfg = AppStore|iPhone
		{C1DA7568-B32D-4C34-85BD-E86753E1CEDB}.AppStore|ARM.ActiveCfg = AppStore|iPhone
		{C1DA7568-B32D-4C34-85BD-E86753E1CEDB}.AppStore|iPhone.ActiveCfg = AppStore|iPhone
		{C1DA7568-B32D-4C34-85BD-E86753E1CEDB}.AppStore|iPhone.Build.0 = AppStore|iPhone
		{C1DA7568-B32D-4C34-85BD-E86753E1CEDB}.AppStore|iPhoneSimulator.ActiveCfg = AppStore|iPhoneSimulator
		{C1DA7568-B32D-4C34-85BD-E86753E1CEDB}.AppStore|iPhoneSimulator.Build.0 = AppStore|iPhoneSimulator
		{C1DA7568-B32D-4C34-85BD-E86753E1CEDB}.AppStore|x64.ActiveCfg = AppStore|iPhone
		{C1DA7568-B32D-4C34-85BD-E86753E1CEDB}.AppStore|x86.ActiveCfg = AppStore|iPhone
		{C1DA7568-B32D-4C34-85BD-E86753E1CEDB}.Debug|Any CPU.ActiveCfg = Debug|iPhone
		{C1DA7568-B32D-4C34-85BD-E86753E1CEDB}.Debug|ARM.ActiveCfg = Debug|iPhone
		{C1DA7568-B32D-4C34-85BD-E86753E1CEDB}.Debug|iPhone.ActiveCfg = Debug|iPhone
		{C1DA7568-B32D-4C34-85BD-E86753E1CEDB}.Debug|iPhone.Build.0 = Debug|iPhone
		{C1DA7568-B32D-4C34-85BD-E86753E1CEDB}.Debug|iPhoneSimulator.ActiveCfg = Debug|iPhoneSimulator
		{C1DA7568-B32D-4C34-85BD-E86753E1CEDB}.Debug|iPhoneSimulator.Build.0 = Debug|iPhoneSimulator
		{C1DA7568-B32D-4C34-85BD-E86753E1CEDB}.Debug|x64.ActiveCfg = Debug|iPhone
		{C1DA7568-B32D-4C34-85BD-E86753E1CEDB}.Debug|x86.ActiveCfg = Debug|iPhone
		{C1DA7568-B32D-4C34-85BD-E86753E1CEDB}.Release|Any CPU.ActiveCfg = Release|iPhone
		{C1DA7568-B32D-4C34-85BD-E86753E1CEDB}.Release|ARM.ActiveCfg = Release|iPhone
		{C1DA7568-B32D-4C34-85BD-E86753E1CEDB}.Release|iPhone.ActiveCfg = Release|iPhone
		{C1DA7568-B32D-4C34-85BD-E86753E1CEDB}.Release|iPhone.Build.0 = Release|iPhone
		{C1DA7568-B32D-4C34-85BD-E86753E1CEDB}.Release|iPhoneSimulator.ActiveCfg = Release|iPhoneSimulator
		{C1DA7568-B32D-4C34-85BD-E86753E1CEDB}.Release|iPhoneSimulator.Build.0 = Release|iPhoneSimulator
		{C1DA7568-B32D-4C34-85BD-E86753E1CEDB}.Release|x64.ActiveCfg = Release|iPhone
		{C1DA7568-B32D-4C34-85BD-E86753E1CEDB}.Release|x86.ActiveCfg = Release|iPhone
		{547DB0AE-3BCF-401C-8EA1-2D6E10E48881}.Ad-Hoc|Any CPU.ActiveCfg = Release|Any CPU
		{547DB0AE-3BCF-401C-8EA1-2D6E10E48881}.Ad-Hoc|Any CPU.Build.0 = Release|Any CPU
		{547DB0AE-3BCF-401C-8EA1-2D6E10E48881}.Ad-Hoc|Any CPU.Deploy.0 = Release|Any CPU
		{547DB0AE-3BCF-401C-8EA1-2D6E10E48881}.Ad-Hoc|ARM.ActiveCfg = Release|ARM
		{547DB0AE-3BCF-401C-8EA1-2D6E10E48881}.Ad-Hoc|ARM.Build.0 = Release|ARM
		{547DB0AE-3BCF-401C-8EA1-2D6E10E48881}.Ad-Hoc|ARM.Deploy.0 = Release|ARM
		{547DB0AE-3BCF-401C-8EA1-2D6E10E48881}.Ad-Hoc|iPhone.ActiveCfg = Release|Any CPU
		{547DB0AE-3BCF-401C-8EA1-2D6E10E48881}.Ad-Hoc|iPhone.Build.0 = Release|Any CPU
		{547DB0AE-3BCF-401C-8EA1-2D6E10E48881}.Ad-Hoc|iPhone.Deploy.0 = Release|Any CPU
		{547DB0AE-3BCF-401C-8EA1-2D6E10E48881}.Ad-Hoc|iPhoneSimulator.ActiveCfg = Release|Any CPU
		{547DB0AE-3BCF-401C-8EA1-2D6E10E48881}.Ad-Hoc|iPhoneSimulator.Build.0 = Release|Any CPU
		{547DB0AE-3BCF-401C-8EA1-2D6E10E48881}.Ad-Hoc|iPhoneSimulator.Deploy.0 = Release|Any CPU
		{547DB0AE-3BCF-401C-8EA1-2D6E10E48881}.Ad-Hoc|x64.ActiveCfg = Release|Any CPU
		{547DB0AE-3BCF-401C-8EA1-2D6E10E48881}.Ad-Hoc|x64.Build.0 = Release|Any CPU
		{547DB0AE-3BCF-401C-8EA1-2D6E10E48881}.Ad-Hoc|x64.Deploy.0 = Release|Any CPU
		{547DB0AE-3BCF-401C-8EA1-2D6E10E48881}.Ad-Hoc|x86.ActiveCfg = Release|x86
		{547DB0AE-3BCF-401C-8EA1-2D6E10E48881}.Ad-Hoc|x86.Build.0 = Release|x86
		{547DB0AE-3BCF-401C-8EA1-2D6E10E48881}.Ad-Hoc|x86.Deploy.0 = Release|x86
		{547DB0AE-3BCF-401C-8EA1-2D6E10E48881}.AppStore|Any CPU.ActiveCfg = Release|Any CPU
		{547DB0AE-3BCF-401C-8EA1-2D6E10E48881}.AppStore|Any CPU.Build.0 = Release|Any CPU
		{547DB0AE-3BCF-401C-8EA1-2D6E10E48881}.AppStore|Any CPU.Deploy.0 = Release|Any CPU
		{547DB0AE-3BCF-401C-8EA1-2D6E10E48881}.AppStore|ARM.ActiveCfg = Release|ARM
		{547DB0AE-3BCF-401C-8EA1-2D6E10E48881}.AppStore|ARM.Build.0 = Release|ARM
		{547DB0AE-3BCF-401C-8EA1-2D6E10E48881}.AppStore|ARM.Deploy.0 = Release|ARM
		{547DB0AE-3BCF-401C-8EA1-2D6E10E48881}.AppStore|iPhone.ActiveCfg = Release|Any CPU
		{547DB0AE-3BCF-401C-8EA1-2D6E10E48881}.AppStore|iPhone.Build.0 = Release|Any CPU
		{547DB0AE-3BCF-401C-8EA1-2D6E10E48881}.AppStore|iPhone.Deploy.0 = Release|Any CPU
		{547DB0AE-3BCF-401C-8EA1-2D6E10E48881}.AppStore|iPhoneSimulator.ActiveCfg = Release|Any CPU
		{547DB0AE-3BCF-401C-8EA1-2D6E10E48881}.AppStore|iPhoneSimulator.Build.0 = Release|Any CPU
		{547DB0AE-3BCF-401C-8EA1-2D6E10E48881}.AppStore|iPhoneSimulator.Deploy.0 = Release|Any CPU
		{547DB0AE-3BCF-401C-8EA1-2D6E10E48881}.AppStore|x64.ActiveCfg = Release|Any CPU
		{547DB0AE-3BCF-401C-8EA1-2D6E10E48881}.AppStore|x64.Build.0 = Release|Any CPU
		{547DB0AE-3BCF-401C-8EA1-2D6E10E48881}.AppStore|x64.Deploy.0 = Release|Any CPU
		{547DB0AE-3BCF-401C-8EA1-2D6E10E48881}.AppStore|x86.ActiveCfg = Release|x86
		{547DB0AE-3BCF-401C-8EA1-2D6E10E48881}.AppStore|x86.Build.0 = Release|x86
		{547DB0AE-3BCF-401C-8EA1-2D6E10E48881}.AppStore|x86.Deploy.0 = Release|x86
		{547DB0AE-3BCF-401C-8EA1-2D6E10E48881}.Debug|Any CPU.ActiveCfg = Debug|Any CPU
		{547DB0AE-3BCF-401C-8EA1-2D6E10E48881}.Debug|Any CPU.Build.0 = Debug|Any CPU
		{547DB0AE-3BCF-401C-8EA1-2D6E10E48881}.Debug|Any CPU.Deploy.0 = Debug|Any CPU
		{547DB0AE-3BCF-401C-8EA1-2D6E10E48881}.Debug|ARM.ActiveCfg = Debug|ARM
		{547DB0AE-3BCF-401C-8EA1-2D6E10E48881}.Debug|ARM.Build.0 = Debug|ARM
		{547DB0AE-3BCF-401C-8EA1-2D6E10E48881}.Debug|ARM.Deploy.0 = Debug|ARM
		{547DB0AE-3BCF-401C-8EA1-2D6E10E48881}.Debug|iPhone.ActiveCfg = Debug|Any CPU
		{547DB0AE-3BCF-401C-8EA1-2D6E10E48881}.Debug|iPhone.Build.0 = Debug|Any CPU
		{547DB0AE-3BCF-401C-8EA1-2D6E10E48881}.Debug|iPhone.Deploy.0 = Debug|Any CPU
		{547DB0AE-3BCF-401C-8EA1-2D6E10E48881}.Debug|iPhoneSimulator.ActiveCfg = Debug|Any CPU
		{547DB0AE-3BCF-401C-8EA1-2D6E10E48881}.Debug|iPhoneSimulator.Build.0 = Debug|Any CPU
		{547DB0AE-3BCF-401C-8EA1-2D6E10E48881}.Debug|iPhoneSimulator.Deploy.0 = Debug|Any CPU
		{547DB0AE-3BCF-401C-8EA1-2D6E10E48881}.Debug|x64.ActiveCfg = Debug|Any CPU
		{547DB0AE-3BCF-401C-8EA1-2D6E10E48881}.Debug|x64.Build.0 = Debug|Any CPU
		{547DB0AE-3BCF-401C-8EA1-2D6E10E48881}.Debug|x64.Deploy.0 = Debug|Any CPU
		{547DB0AE-3BCF-401C-8EA1-2D6E10E48881}.Debug|x86.ActiveCfg = Debug|x86
		{547DB0AE-3BCF-401C-8EA1-2D6E10E48881}.Debug|x86.Build.0 = Debug|x86
		{547DB0AE-3BCF-401C-8EA1-2D6E10E48881}.Debug|x86.Deploy.0 = Debug|x86
		{547DB0AE-3BCF-401C-8EA1-2D6E10E48881}.Release|Any CPU.ActiveCfg = Release|Any CPU
		{547DB0AE-3BCF-401C-8EA1-2D6E10E48881}.Release|Any CPU.Build.0 = Release|Any CPU
		{547DB0AE-3BCF-401C-8EA1-2D6E10E48881}.Release|Any CPU.Deploy.0 = Release|Any CPU
		{547DB0AE-3BCF-401C-8EA1-2D6E10E48881}.Release|ARM.ActiveCfg = Release|ARM
		{547DB0AE-3BCF-401C-8EA1-2D6E10E48881}.Release|ARM.Build.0 = Release|ARM
		{547DB0AE-3BCF-401C-8EA1-2D6E10E48881}.Release|ARM.Deploy.0 = Release|ARM
		{547DB0AE-3BCF-401C-8EA1-2D6E10E48881}.Release|iPhone.ActiveCfg = Release|Any CPU
		{547DB0AE-3BCF-401C-8EA1-2D6E10E48881}.Release|iPhone.Build.0 = Release|Any CPU
		{547DB0AE-3BCF-401C-8EA1-2D6E10E48881}.Release|iPhone.Deploy.0 = Release|Any CPU
		{547DB0AE-3BCF-401C-8EA1-2D6E10E48881}.Release|iPhoneSimulator.ActiveCfg = Release|Any CPU
		{547DB0AE-3BCF-401C-8EA1-2D6E10E48881}.Release|iPhoneSimulator.Build.0 = Release|Any CPU
		{547DB0AE-3BCF-401C-8EA1-2D6E10E48881}.Release|iPhoneSimulator.Deploy.0 = Release|Any CPU
		{547DB0AE-3BCF-401C-8EA1-2D6E10E48881}.Release|x64.ActiveCfg = Release|Any CPU
		{547DB0AE-3BCF-401C-8EA1-2D6E10E48881}.Release|x64.Build.0 = Release|Any CPU
		{547DB0AE-3BCF-401C-8EA1-2D6E10E48881}.Release|x64.Deploy.0 = Release|Any CPU
		{547DB0AE-3BCF-401C-8EA1-2D6E10E48881}.Release|x86.ActiveCfg = Release|x86
		{547DB0AE-3BCF-401C-8EA1-2D6E10E48881}.Release|x86.Build.0 = Release|x86
		{547DB0AE-3BCF-401C-8EA1-2D6E10E48881}.Release|x86.Deploy.0 = Release|x86
		{A10598F6-4FFE-41F8-9E78-E1A480AE201A}.Ad-Hoc|Any CPU.ActiveCfg = Release|x86
		{A10598F6-4FFE-41F8-9E78-E1A480AE201A}.Ad-Hoc|Any CPU.Build.0 = Release|x86
		{A10598F6-4FFE-41F8-9E78-E1A480AE201A}.Ad-Hoc|Any CPU.Deploy.0 = Release|x86
		{A10598F6-4FFE-41F8-9E78-E1A480AE201A}.Ad-Hoc|ARM.ActiveCfg = Release|ARM
		{A10598F6-4FFE-41F8-9E78-E1A480AE201A}.Ad-Hoc|ARM.Build.0 = Release|ARM
		{A10598F6-4FFE-41F8-9E78-E1A480AE201A}.Ad-Hoc|ARM.Deploy.0 = Release|ARM
		{A10598F6-4FFE-41F8-9E78-E1A480AE201A}.Ad-Hoc|iPhone.ActiveCfg = Release|x86
		{A10598F6-4FFE-41F8-9E78-E1A480AE201A}.Ad-Hoc|iPhone.Build.0 = Release|x86
		{A10598F6-4FFE-41F8-9E78-E1A480AE201A}.Ad-Hoc|iPhone.Deploy.0 = Release|x86
		{A10598F6-4FFE-41F8-9E78-E1A480AE201A}.Ad-Hoc|iPhoneSimulator.ActiveCfg = Release|x86
		{A10598F6-4FFE-41F8-9E78-E1A480AE201A}.Ad-Hoc|iPhoneSimulator.Build.0 = Release|x86
		{A10598F6-4FFE-41F8-9E78-E1A480AE201A}.Ad-Hoc|iPhoneSimulator.Deploy.0 = Release|x86
		{A10598F6-4FFE-41F8-9E78-E1A480AE201A}.Ad-Hoc|x64.ActiveCfg = Release|x64
		{A10598F6-4FFE-41F8-9E78-E1A480AE201A}.Ad-Hoc|x64.Build.0 = Release|x64
		{A10598F6-4FFE-41F8-9E78-E1A480AE201A}.Ad-Hoc|x64.Deploy.0 = Release|x64
		{A10598F6-4FFE-41F8-9E78-E1A480AE201A}.Ad-Hoc|x86.ActiveCfg = Release|x86
		{A10598F6-4FFE-41F8-9E78-E1A480AE201A}.Ad-Hoc|x86.Build.0 = Release|x86
		{A10598F6-4FFE-41F8-9E78-E1A480AE201A}.Ad-Hoc|x86.Deploy.0 = Release|x86
		{A10598F6-4FFE-41F8-9E78-E1A480AE201A}.AppStore|Any CPU.ActiveCfg = Release|x86
		{A10598F6-4FFE-41F8-9E78-E1A480AE201A}.AppStore|Any CPU.Build.0 = Release|x86
		{A10598F6-4FFE-41F8-9E78-E1A480AE201A}.AppStore|Any CPU.Deploy.0 = Release|x86
		{A10598F6-4FFE-41F8-9E78-E1A480AE201A}.AppStore|ARM.ActiveCfg = Release|ARM
		{A10598F6-4FFE-41F8-9E78-E1A480AE201A}.AppStore|ARM.Build.0 = Release|ARM
		{A10598F6-4FFE-41F8-9E78-E1A480AE201A}.AppStore|ARM.Deploy.0 = Release|ARM
		{A10598F6-4FFE-41F8-9E78-E1A480AE201A}.AppStore|iPhone.ActiveCfg = Release|x86
		{A10598F6-4FFE-41F8-9E78-E1A480AE201A}.AppStore|iPhone.Build.0 = Release|x86
		{A10598F6-4FFE-41F8-9E78-E1A480AE201A}.AppStore|iPhone.Deploy.0 = Release|x86
		{A10598F6-4FFE-41F8-9E78-E1A480AE201A}.AppStore|iPhoneSimulator.ActiveCfg = Release|x86
		{A10598F6-4FFE-41F8-9E78-E1A480AE201A}.AppStore|iPhoneSimulator.Build.0 = Release|x86
		{A10598F6-4FFE-41F8-9E78-E1A480AE201A}.AppStore|iPhoneSimulator.Deploy.0 = Release|x86
		{A10598F6-4FFE-41F8-9E78-E1A480AE201A}.AppStore|x64.ActiveCfg = Release|x64
		{A10598F6-4FFE-41F8-9E78-E1A480AE201A}.AppStore|x64.Build.0 = Release|x64
		{A10598F6-4FFE-41F8-9E78-E1A480AE201A}.AppStore|x64.Deploy.0 = Release|x64
		{A10598F6-4FFE-41F8-9E78-E1A480AE201A}.AppStore|x86.ActiveCfg = Release|x86
		{A10598F6-4FFE-41F8-9E78-E1A480AE201A}.AppStore|x86.Build.0 = Release|x86
		{A10598F6-4FFE-41F8-9E78-E1A480AE201A}.AppStore|x86.Deploy.0 = Release|x86
		{A10598F6-4FFE-41F8-9E78-E1A480AE201A}.Debug|Any CPU.ActiveCfg = Debug|x86
		{A10598F6-4FFE-41F8-9E78-E1A480AE201A}.Debug|ARM.ActiveCfg = Debug|ARM
		{A10598F6-4FFE-41F8-9E78-E1A480AE201A}.Debug|ARM.Build.0 = Debug|ARM
		{A10598F6-4FFE-41F8-9E78-E1A480AE201A}.Debug|ARM.Deploy.0 = Debug|ARM
		{A10598F6-4FFE-41F8-9E78-E1A480AE201A}.Debug|iPhone.ActiveCfg = Debug|x86
		{A10598F6-4FFE-41F8-9E78-E1A480AE201A}.Debug|iPhoneSimulator.ActiveCfg = Debug|x86
		{A10598F6-4FFE-41F8-9E78-E1A480AE201A}.Debug|x64.ActiveCfg = Debug|x64
		{A10598F6-4FFE-41F8-9E78-E1A480AE201A}.Debug|x64.Build.0 = Debug|x64
		{A10598F6-4FFE-41F8-9E78-E1A480AE201A}.Debug|x64.Deploy.0 = Debug|x64
		{A10598F6-4FFE-41F8-9E78-E1A480AE201A}.Debug|x86.ActiveCfg = Debug|x86
		{A10598F6-4FFE-41F8-9E78-E1A480AE201A}.Debug|x86.Build.0 = Debug|x86
		{A10598F6-4FFE-41F8-9E78-E1A480AE201A}.Debug|x86.Deploy.0 = Debug|x86
		{A10598F6-4FFE-41F8-9E78-E1A480AE201A}.Release|Any CPU.ActiveCfg = Release|x86
		{A10598F6-4FFE-41F8-9E78-E1A480AE201A}.Release|ARM.ActiveCfg = Release|ARM
		{A10598F6-4FFE-41F8-9E78-E1A480AE201A}.Release|ARM.Build.0 = Release|ARM
		{A10598F6-4FFE-41F8-9E78-E1A480AE201A}.Release|ARM.Deploy.0 = Release|ARM
		{A10598F6-4FFE-41F8-9E78-E1A480AE201A}.Release|iPhone.ActiveCfg = Release|x86
		{A10598F6-4FFE-41F8-9E78-E1A480AE201A}.Release|iPhoneSimulator.ActiveCfg = Release|x86
		{A10598F6-4FFE-41F8-9E78-E1A480AE201A}.Release|x64.ActiveCfg = Release|x64
		{A10598F6-4FFE-41F8-9E78-E1A480AE201A}.Release|x64.Build.0 = Release|x64
		{A10598F6-4FFE-41F8-9E78-E1A480AE201A}.Release|x64.Deploy.0 = Release|x64
		{A10598F6-4FFE-41F8-9E78-E1A480AE201A}.Release|x86.ActiveCfg = Release|x86
		{A10598F6-4FFE-41F8-9E78-E1A480AE201A}.Release|x86.Build.0 = Release|x86
		{A10598F6-4FFE-41F8-9E78-E1A480AE201A}.Release|x86.Deploy.0 = Release|x86
		{CA8A6478-1D13-4FE7-A3EB-9C4C7231ED8C}.Ad-Hoc|Any CPU.ActiveCfg = Release|Any CPU
		{CA8A6478-1D13-4FE7-A3EB-9C4C7231ED8C}.Ad-Hoc|Any CPU.Build.0 = Release|Any CPU
		{CA8A6478-1D13-4FE7-A3EB-9C4C7231ED8C}.Ad-Hoc|ARM.ActiveCfg = Release|Any CPU
		{CA8A6478-1D13-4FE7-A3EB-9C4C7231ED8C}.Ad-Hoc|ARM.Build.0 = Release|Any CPU
		{CA8A6478-1D13-4FE7-A3EB-9C4C7231ED8C}.Ad-Hoc|iPhone.ActiveCfg = Release|Any CPU
		{CA8A6478-1D13-4FE7-A3EB-9C4C7231ED8C}.Ad-Hoc|iPhone.Build.0 = Release|Any CPU
		{CA8A6478-1D13-4FE7-A3EB-9C4C7231ED8C}.Ad-Hoc|iPhoneSimulator.ActiveCfg = Release|Any CPU
		{CA8A6478-1D13-4FE7-A3EB-9C4C7231ED8C}.Ad-Hoc|iPhoneSimulator.Build.0 = Release|Any CPU
		{CA8A6478-1D13-4FE7-A3EB-9C4C7231ED8C}.Ad-Hoc|x64.ActiveCfg = Release|Any CPU
		{CA8A6478-1D13-4FE7-A3EB-9C4C7231ED8C}.Ad-Hoc|x64.Build.0 = Release|Any CPU
		{CA8A6478-1D13-4FE7-A3EB-9C4C7231ED8C}.Ad-Hoc|x86.ActiveCfg = Release|Any CPU
		{CA8A6478-1D13-4FE7-A3EB-9C4C7231ED8C}.Ad-Hoc|x86.Build.0 = Release|Any CPU
		{CA8A6478-1D13-4FE7-A3EB-9C4C7231ED8C}.AppStore|Any CPU.ActiveCfg = Release|Any CPU
		{CA8A6478-1D13-4FE7-A3EB-9C4C7231ED8C}.AppStore|Any CPU.Build.0 = Release|Any CPU
		{CA8A6478-1D13-4FE7-A3EB-9C4C7231ED8C}.AppStore|ARM.ActiveCfg = Release|Any CPU
		{CA8A6478-1D13-4FE7-A3EB-9C4C7231ED8C}.AppStore|ARM.Build.0 = Release|Any CPU
		{CA8A6478-1D13-4FE7-A3EB-9C4C7231ED8C}.AppStore|iPhone.ActiveCfg = Release|Any CPU
		{CA8A6478-1D13-4FE7-A3EB-9C4C7231ED8C}.AppStore|iPhone.Build.0 = Release|Any CPU
		{CA8A6478-1D13-4FE7-A3EB-9C4C7231ED8C}.AppStore|iPhoneSimulator.ActiveCfg = Release|Any CPU
		{CA8A6478-1D13-4FE7-A3EB-9C4C7231ED8C}.AppStore|iPhoneSimulator.Build.0 = Release|Any CPU
		{CA8A6478-1D13-4FE7-A3EB-9C4C7231ED8C}.AppStore|x64.ActiveCfg = Release|Any CPU
		{CA8A6478-1D13-4FE7-A3EB-9C4C7231ED8C}.AppStore|x64.Build.0 = Release|Any CPU
		{CA8A6478-1D13-4FE7-A3EB-9C4C7231ED8C}.AppStore|x86.ActiveCfg = Release|Any CPU
		{CA8A6478-1D13-4FE7-A3EB-9C4C7231ED8C}.AppStore|x86.Build.0 = Release|Any CPU
		{CA8A6478-1D13-4FE7-A3EB-9C4C7231ED8C}.Debug|Any CPU.ActiveCfg = Debug|Any CPU
		{CA8A6478-1D13-4FE7-A3EB-9C4C7231ED8C}.Debug|Any CPU.Build.0 = Debug|Any CPU
		{CA8A6478-1D13-4FE7-A3EB-9C4C7231ED8C}.Debug|ARM.ActiveCfg = Debug|Any CPU
		{CA8A6478-1D13-4FE7-A3EB-9C4C7231ED8C}.Debug|ARM.Build.0 = Debug|Any CPU
		{CA8A6478-1D13-4FE7-A3EB-9C4C7231ED8C}.Debug|iPhone.ActiveCfg = Debug|Any CPU
		{CA8A6478-1D13-4FE7-A3EB-9C4C7231ED8C}.Debug|iPhone.Build.0 = Debug|Any CPU
		{CA8A6478-1D13-4FE7-A3EB-9C4C7231ED8C}.Debug|iPhoneSimulator.ActiveCfg = Debug|Any CPU
		{CA8A6478-1D13-4FE7-A3EB-9C4C7231ED8C}.Debug|iPhoneSimulator.Build.0 = Debug|Any CPU
		{CA8A6478-1D13-4FE7-A3EB-9C4C7231ED8C}.Debug|x64.ActiveCfg = Debug|Any CPU
		{CA8A6478-1D13-4FE7-A3EB-9C4C7231ED8C}.Debug|x64.Build.0 = Debug|Any CPU
		{CA8A6478-1D13-4FE7-A3EB-9C4C7231ED8C}.Debug|x86.ActiveCfg = Debug|Any CPU
		{CA8A6478-1D13-4FE7-A3EB-9C4C7231ED8C}.Debug|x86.Build.0 = Debug|Any CPU
		{CA8A6478-1D13-4FE7-A3EB-9C4C7231ED8C}.Release|Any CPU.ActiveCfg = Release|Any CPU
		{CA8A6478-1D13-4FE7-A3EB-9C4C7231ED8C}.Release|Any CPU.Build.0 = Release|Any CPU
		{CA8A6478-1D13-4FE7-A3EB-9C4C7231ED8C}.Release|ARM.ActiveCfg = Release|Any CPU
		{CA8A6478-1D13-4FE7-A3EB-9C4C7231ED8C}.Release|ARM.Build.0 = Release|Any CPU
		{CA8A6478-1D13-4FE7-A3EB-9C4C7231ED8C}.Release|iPhone.ActiveCfg = Release|Any CPU
		{CA8A6478-1D13-4FE7-A3EB-9C4C7231ED8C}.Release|iPhone.Build.0 = Release|Any CPU
		{CA8A6478-1D13-4FE7-A3EB-9C4C7231ED8C}.Release|iPhoneSimulator.ActiveCfg = Release|Any CPU
		{CA8A6478-1D13-4FE7-A3EB-9C4C7231ED8C}.Release|iPhoneSimulator.Build.0 = Release|Any CPU
		{CA8A6478-1D13-4FE7-A3EB-9C4C7231ED8C}.Release|x64.ActiveCfg = Release|Any CPU
		{CA8A6478-1D13-4FE7-A3EB-9C4C7231ED8C}.Release|x64.Build.0 = Release|Any CPU
		{CA8A6478-1D13-4FE7-A3EB-9C4C7231ED8C}.Release|x86.ActiveCfg = Release|Any CPU
		{CA8A6478-1D13-4FE7-A3EB-9C4C7231ED8C}.Release|x86.Build.0 = Release|Any CPU
		{5440919E-DA6A-4524-964C-E2306D122818}.Ad-Hoc|Any CPU.ActiveCfg = Release|Any CPU
		{5440919E-DA6A-4524-964C-E2306D122818}.Ad-Hoc|Any CPU.Build.0 = Release|Any CPU
		{5440919E-DA6A-4524-964C-E2306D122818}.Ad-Hoc|ARM.ActiveCfg = Release|Any CPU
		{5440919E-DA6A-4524-964C-E2306D122818}.Ad-Hoc|ARM.Build.0 = Release|Any CPU
		{5440919E-DA6A-4524-964C-E2306D122818}.Ad-Hoc|iPhone.ActiveCfg = Release|Any CPU
		{5440919E-DA6A-4524-964C-E2306D122818}.Ad-Hoc|iPhone.Build.0 = Release|Any CPU
		{5440919E-DA6A-4524-964C-E2306D122818}.Ad-Hoc|iPhoneSimulator.ActiveCfg = Release|Any CPU
		{5440919E-DA6A-4524-964C-E2306D122818}.Ad-Hoc|iPhoneSimulator.Build.0 = Release|Any CPU
		{5440919E-DA6A-4524-964C-E2306D122818}.Ad-Hoc|x64.ActiveCfg = Release|Any CPU
		{5440919E-DA6A-4524-964C-E2306D122818}.Ad-Hoc|x64.Build.0 = Release|Any CPU
		{5440919E-DA6A-4524-964C-E2306D122818}.Ad-Hoc|x86.ActiveCfg = Release|Any CPU
		{5440919E-DA6A-4524-964C-E2306D122818}.Ad-Hoc|x86.Build.0 = Release|Any CPU
		{5440919E-DA6A-4524-964C-E2306D122818}.AppStore|Any CPU.ActiveCfg = Release|Any CPU
		{5440919E-DA6A-4524-964C-E2306D122818}.AppStore|Any CPU.Build.0 = Release|Any CPU
		{5440919E-DA6A-4524-964C-E2306D122818}.AppStore|ARM.ActiveCfg = Release|Any CPU
		{5440919E-DA6A-4524-964C-E2306D122818}.AppStore|ARM.Build.0 = Release|Any CPU
		{5440919E-DA6A-4524-964C-E2306D122818}.AppStore|iPhone.ActiveCfg = Release|Any CPU
		{5440919E-DA6A-4524-964C-E2306D122818}.AppStore|iPhone.Build.0 = Release|Any CPU
		{5440919E-DA6A-4524-964C-E2306D122818}.AppStore|iPhoneSimulator.ActiveCfg = Release|Any CPU
		{5440919E-DA6A-4524-964C-E2306D122818}.AppStore|iPhoneSimulator.Build.0 = Release|Any CPU
		{5440919E-DA6A-4524-964C-E2306D122818}.AppStore|x64.ActiveCfg = Release|Any CPU
		{5440919E-DA6A-4524-964C-E2306D122818}.AppStore|x64.Build.0 = Release|Any CPU
		{5440919E-DA6A-4524-964C-E2306D122818}.AppStore|x86.ActiveCfg = Release|Any CPU
		{5440919E-DA6A-4524-964C-E2306D122818}.AppStore|x86.Build.0 = Release|Any CPU
		{5440919E-DA6A-4524-964C-E2306D122818}.Debug|Any CPU.ActiveCfg = Debug|Any CPU
		{5440919E-DA6A-4524-964C-E2306D122818}.Debug|Any CPU.Build.0 = Debug|Any CPU
		{5440919E-DA6A-4524-964C-E2306D122818}.Debug|ARM.ActiveCfg = Debug|Any CPU
		{5440919E-DA6A-4524-964C-E2306D122818}.Debug|ARM.Build.0 = Debug|Any CPU
		{5440919E-DA6A-4524-964C-E2306D122818}.Debug|iPhone.ActiveCfg = Debug|Any CPU
		{5440919E-DA6A-4524-964C-E2306D122818}.Debug|iPhone.Build.0 = Debug|Any CPU
		{5440919E-DA6A-4524-964C-E2306D122818}.Debug|iPhoneSimulator.ActiveCfg = Debug|Any CPU
		{5440919E-DA6A-4524-964C-E2306D122818}.Debug|iPhoneSimulator.Build.0 = Debug|Any CPU
		{5440919E-DA6A-4524-964C-E2306D122818}.Debug|x64.ActiveCfg = Debug|Any CPU
		{5440919E-DA6A-4524-964C-E2306D122818}.Debug|x64.Build.0 = Debug|Any CPU
		{5440919E-DA6A-4524-964C-E2306D122818}.Debug|x86.ActiveCfg = Debug|Any CPU
		{5440919E-DA6A-4524-964C-E2306D122818}.Debug|x86.Build.0 = Debug|Any CPU
		{5440919E-DA6A-4524-964C-E2306D122818}.Release|Any CPU.ActiveCfg = Release|Any CPU
		{5440919E-DA6A-4524-964C-E2306D122818}.Release|Any CPU.Build.0 = Release|Any CPU
		{5440919E-DA6A-4524-964C-E2306D122818}.Release|ARM.ActiveCfg = Release|Any CPU
		{5440919E-DA6A-4524-964C-E2306D122818}.Release|ARM.Build.0 = Release|Any CPU
		{5440919E-DA6A-4524-964C-E2306D122818}.Release|iPhone.ActiveCfg = Release|Any CPU
		{5440919E-DA6A-4524-964C-E2306D122818}.Release|iPhone.Build.0 = Release|Any CPU
		{5440919E-DA6A-4524-964C-E2306D122818}.Release|iPhoneSimulator.ActiveCfg = Release|Any CPU
		{5440919E-DA6A-4524-964C-E2306D122818}.Release|iPhoneSimulator.Build.0 = Release|Any CPU
		{5440919E-DA6A-4524-964C-E2306D122818}.Release|x64.ActiveCfg = Release|Any CPU
		{5440919E-DA6A-4524-964C-E2306D122818}.Release|x64.Build.0 = Release|Any CPU
		{5440919E-DA6A-4524-964C-E2306D122818}.Release|x86.ActiveCfg = Release|Any CPU
		{5440919E-DA6A-4524-964C-E2306D122818}.Release|x86.Build.0 = Release|Any CPU
	EndGlobalSection
	GlobalSection(SolutionProperties) = preSolution
		HideSolutionNode = FALSE
	EndGlobalSection
EndGlobal
